
Microsoft Visual Studio Solution File, Format Version 12.00
# Visual Studio Version 16
VisualStudioVersion = 25.0.1700.0
MinimumVisualStudioVersion = 10.0.40219.1
Project("{FAE04EC0-301F-11D3-BF4B-00C04F79EFBC}") = "classActivity4", "classActivity4.csproj", "{4D45D6AD-86A5-42F2-8E07-281C52D8F9BD}"
EndProject
Global
	GlobalSection(SolutionConfigurationPlatforms) = preSolution
		Debug|Any CPU = Debug|Any CPU
		Release|Any CPU = Release|Any CPU
	EndGlobalSection
	GlobalSection(ProjectConfigurationPlatforms) = postSolution
		{4D45D6AD-86A5-42F2-8E07-281C52D8F9BD}.Debug|Any CPU.ActiveCfg = Debug|Any CPU
		{4D45D6AD-86A5-42F2-8E07-281C52D8F9BD}.Debug|Any CPU.Build.0 = Debug|Any CPU
		{4D45D6AD-86A5-42F2-8E07-281C52D8F9BD}.Release|Any CPU.ActiveCfg = Release|Any CPU
		{4D45D6AD-86A5-42F2-8E07-281C52D8F9BD}.Release|Any CPU.Build.0 = Release|Any CPU
	EndGlobalSection
	GlobalSection(SolutionProperties) = preSolution
		HideSolutionNode = FALSE
	EndGlobalSection
	GlobalSection(ExtensibilityGlobals) = postSolution
		SolutionGuid = {95354B64-F866-4867-BA2A-287FEBCF49F5}
	EndGlobalSection
EndGlobal
